
Microsoft Visual Studio Solution File, Format Version 12.00
# Visual Studio Version 18
VisualStudioVersion = 18.2.11415.280 d18.0
MinimumVisualStudioVersion = 10.0.40219.1
Project("{FAE04EC0-301F-11D3-BF4B-00C04F79EFBC}") = "Grafics", "Grafics.csproj", "{163FBA87-DA05-8673-BC0F-F5E10B8F0276}"
EndProject
Global
	GlobalSection(SolutionConfigurationPlatforms) = preSolution
		Debug|Any CPU = Debug|Any CPU
		Release|Any CPU = Release|Any CPU
	EndGlobalSection
	GlobalSection(ProjectConfigurationPlatforms) = postSolution
		{163FBA87-DA05-8673-BC0F-F5E10B8F0276}.Debug|Any CPU.ActiveCfg = Debug|Any CPU
		{163FBA87-DA05-8673-BC0F-F5E10B8F0276}.Debug|Any CPU.Build.0 = Debug|Any CPU
		{163FBA87-DA05-8673-BC0F-F5E10B8F0276}.Release|Any CPU.ActiveCfg = Release|Any CPU
		{163FBA87-DA05-8673-BC0F-F5E10B8F0276}.Release|Any CPU.Build.0 = Release|Any CPU
	EndGlobalSection
	GlobalSection(SolutionProperties) = preSolution
		HideSolutionNode = FALSE
	EndGlobalSection
	GlobalSection(ExtensibilityGlobals) = postSolution
		SolutionGuid = {AB0FD32A-5DA0-4002-B7F4-4526165774A8}
	EndGlobalSection
EndGlobal
